
Microsoft Visual Studio Solution File, Format Version 12.00
# Visual Studio Version 16
VisualStudioVersion = 25.0.1706.4
MinimumVisualStudioVersion = 10.0.40219.1
Project("{FAE04EC0-301F-11D3-BF4B-00C04F79EFBC}") = "TextAnalysisPro", "TextAnalysisPro\TextAnalysisPro.csproj", "{5B58859C-5D8F-420D-BBA3-982047A02D93}"
EndProject
Global
	GlobalSection(SolutionConfigurationPlatforms) = preSolution
		Debug|Any CPU = Debug|Any CPU
		Release|Any CPU = Release|Any CPU
	EndGlobalSection
	GlobalSection(ProjectConfigurationPlatforms) = postSolution
		{5B58859C-5D8F-420D-BBA3-982047A02D93}.Debug|Any CPU.ActiveCfg = Debug|Any CPU
		{5B58859C-5D8F-420D-BBA3-982047A02D93}.Debug|Any CPU.Build.0 = Debug|Any CPU
		{5B58859C-5D8F-420D-BBA3-982047A02D93}.Release|Any CPU.ActiveCfg = Release|Any CPU
		{5B58859C-5D8F-420D-BBA3-982047A02D93}.Release|Any CPU.Build.0 = Release|Any CPU
	EndGlobalSection
	GlobalSection(SolutionProperties) = preSolution
		HideSolutionNode = FALSE
	EndGlobalSection
	GlobalSection(ExtensibilityGlobals) = postSolution
		SolutionGuid = {87A98CA1-BC73-489E-8D4E-0B8865BA5E7B}
	EndGlobalSection
EndGlobal
