
Microsoft Visual Studio Solution File, Format Version 12.00
# Visual Studio Version 16
VisualStudioVersion = 25.0.1706.4
MinimumVisualStudioVersion = 10.0.40219.1
Project("{FAE04EC0-301F-11D3-BF4B-00C04F79EFBC}") = "TextAnalysis", "TextAnalysis\TextAnalysis.csproj", "{4299BC28-97D5-47D6-A461-EB90993F29ED}"
EndProject
Global
	GlobalSection(SolutionConfigurationPlatforms) = preSolution
		Debug|Any CPU = Debug|Any CPU
		Release|Any CPU = Release|Any CPU
	EndGlobalSection
	GlobalSection(ProjectConfigurationPlatforms) = postSolution
		{4299BC28-97D5-47D6-A461-EB90993F29ED}.Debug|Any CPU.ActiveCfg = Debug|Any CPU
		{4299BC28-97D5-47D6-A461-EB90993F29ED}.Debug|Any CPU.Build.0 = Debug|Any CPU
		{4299BC28-97D5-47D6-A461-EB90993F29ED}.Release|Any CPU.ActiveCfg = Release|Any CPU
		{4299BC28-97D5-47D6-A461-EB90993F29ED}.Release|Any CPU.Build.0 = Release|Any CPU
	EndGlobalSection
	GlobalSection(SolutionProperties) = preSolution
		HideSolutionNode = FALSE
	EndGlobalSection
	GlobalSection(ExtensibilityGlobals) = postSolution
		SolutionGuid = {52D9647F-458D-4966-B388-A3268EA78B88}
	EndGlobalSection
EndGlobal
